<Solution>
  <!-- Generated from eng/solutions.json by scripts/update-solutions.ps1. -->
  <Configurations>
    <BuildType Name="Debug" />
    <BuildType Name="Release" />
  </Configurations>
  <Folder Name="/Entry points/">
    <Project Path="src/Broiler.Plate.Windows/Broiler.Plate.Windows.csproj" />
  </Folder>
  <Folder Name="/Dependencies/src/">
    <Project Path="src/Broiler.Plate/Broiler.Plate.Core.csproj" />
  </Folder>
</Solution>
